# THIS IS AN AUTOGENERATED FILE. DO NOT EDIT THIS FILE DIRECTLY.
# yarn lockfile v1


"@intlify/core-base@9.6.5":
  version "9.6.5"
  resolved "https://registry.yarnpkg.com/@intlify/core-base/-/core-base-9.6.5.tgz#af92cae122fb99e882b3d7f1433f682065a3e164"
  integrity sha512-LzbGXiZkMWPIHnHI0g6q554S87Cmh2mmCmjytK/3pDQfjI84l+dgGoeQuKj02q7EbULRuUUgYVZVqAwEUawXGg==
  dependencies:
    "@intlify/message-compiler" "9.6.5"
    "@intlify/shared" "9.6.5"

"@intlify/message-compiler@9.6.5":
  version "9.6.5"
  resolved "https://registry.yarnpkg.com/@intlify/message-compiler/-/message-compiler-9.6.5.tgz#3a33882497417c63b23b012731d60a485c8e5558"
  integrity sha512-WeJ499thIj0p7JaIO1V3JaJbqdqfBykS5R8fElFs5hNeotHtPAMBs4IiA+8/KGFkAbjJusgFefCq6ajP7F7+4Q==
  dependencies:
    "@intlify/shared" "9.6.5"
    source-map-js "^1.0.2"

"@intlify/shared@9.6.5":
  version "9.6.5"
  resolved "https://registry.yarnpkg.com/@intlify/shared/-/shared-9.6.5.tgz#a81f384d804e99ceac55bb061c344f156bd96590"
  integrity sha512-gD7Ey47Xi4h/t6P+S04ymMSoA3wVRxGqjxuIMglwRO8POki9h164Epu2N8wk/GHXM/hR6ZGcsx2HArCCENjqSQ==

"@vue/devtools-api@^6.5.0":
  version "6.5.1"
  resolved "https://registry.yarnpkg.com/@vue/devtools-api/-/devtools-api-6.5.1.tgz#7f71f31e40973eeee65b9a64382b13593fdbd697"
  integrity sha512-+KpckaAQyfbvshdDW5xQylLni1asvNSGme1JFs8I1+/H5pHEhqUKMEQD/qn3Nx5+/nycBq11qAEi8lk+LXI2dA==

source-map-js@^1.0.2:
  version "1.0.2"
  resolved "https://registry.yarnpkg.com/source-map-js/-/source-map-js-1.0.2.tgz#adbc361d9c62df380125e7f161f71c826f1e490c"
  integrity sha512-R0XvVJ9WusLiqTCEiGCmICCMplcCkIwwR11mOSD9CR5u+IXYdiseeEuXCVAjS54zqwkLcPNnmU4OeJ6tUrWhDw==

vue-i18n@9:
  version "9.6.5"
  resolved "https://registry.yarnpkg.com/vue-i18n/-/vue-i18n-9.6.5.tgz#3a0bdc1e339ded633dc90aee640a7249efdfe3e5"
  integrity sha512-dpUEjKHg7pEsaS7ZPPxp1CflaR7bGmsvZJEhnszHPKl9OTNyno5j/DvMtMSo41kpddq4felLA7GK2prjpnXVlw==
  dependencies:
    "@intlify/core-base" "9.6.5"
    "@intlify/shared" "9.6.5"
    "@vue/devtools-api" "^6.5.0"
